{
  "name": "personalizedmail",
  "version": "1.0.0",
  "lockfileVersion": 1,
  "requires": true,
  "dependencies": {
    "emitter-component": {
      "version": "1.1.1",
      "resolved": "http://nexus.prod.uci.cu/repository/npm-all/emitter-component/-/emitter-component-1.1.1.tgz",
      "integrity": "sha1-Bl4tvtaVm/RwZ57avq95gdEAOrY="
    },
    "inherits": {
      "version": "2.0.3",
      "resolved": "http://nexus.prod.uci.cu/repository/npm-all/inherits/-/inherits-2.0.3.tgz",
      "integrity": "sha1-Yzwsg+PaQqUC9SRmAiSA9CCCYd4="
    },
    "nodemailer": {
      "version": "4.6.8",
      "resolved": "http://nexus.prod.uci.cu/repository/npm-all/nodemailer/-/nodemailer-4.6.8.tgz",
      "integrity": "sha1-+C+0B4KL8udtkqzDS4I9g+d0+Jw="
    },
    "path": {
      "version": "0.12.7",
      "resolved": "http://nexus.prod.uci.cu/repository/npm-all/path/-/path-0.12.7.tgz",
      "integrity": "sha1-1NwqUGxM4hl+tIHr/NWzbAFAsQ8=",
      "requires": {
        "process": "^0.11.1",
        "util": "^0.10.3"
      }
    },
    "process": {
      "version": "0.11.10",
      "resolved": "http://nexus.prod.uci.cu/repository/npm-all/process/-/process-0.11.10.tgz",
      "integrity": "sha1-czIwDoQBYb2j5podHZGn1LwW8YI="
    },
    "stream": {
      "version": "0.0.2",
      "resolved": "http://nexus.prod.uci.cu/repository/npm-all/stream/-/stream-0.0.2.tgz",
      "integrity": "sha1-f1Nj8Ff2WSxVlfALyAon9c7B8O8=",
      "requires": {
        "emitter-component": "^1.1.1"
      }
    },
    "util": {
      "version": "0.10.4",
      "resolved": "http://nexus.prod.uci.cu/repository/npm-all/util/-/util-0.10.4.tgz",
      "integrity": "sha1-OqASW/5mikZy3liFfTrOJ+y3aQE=",
      "requires": {
        "inherits": "2.0.3"
      }
    }
  }
}
