{
  "name": "personalized_mail",
  "version": "1.0.0",
  "lockfileVersion": 1,
  "requires": true,
  "dependencies": {
    "nodemailer": {
      "version": "4.6.8",
      "resolved": "http://nexus.prod.uci.cu/repository/npm-all/nodemailer/-/nodemailer-4.6.8.tgz",
      "integrity": "sha1-+C+0B4KL8udtkqzDS4I9g+d0+Jw="
    }
  }
}
